{
  "version": 4,
  "terraform_version": "1.13.1",
  "serial": 68,
  "lineage": "f11ac0ed-5d2f-81cf-d309-9ab863844d33",
  "outputs": {},
  "resources": [
    {
      "mode": "managed",
      "type": "azurerm_lb",
      "name": "lb",
      "provider": "provider[\"registry.terraform.io/hashicorp/azurerm\"]",
      "instances": [
        {
          "schema_version": 0,
          "attributes": {
            "edge_zone": "",
            "frontend_ip_configuration": [
              {
                "gateway_load_balancer_frontend_ip_configuration_id": "",
                "id": "/subscriptions/2bde2ba1-39c9-4093-9a0d-fe665768699b/resourceGroups/Sample_Resource_Group/providers/Microsoft.Network/loadBalancers/webapp-lb/frontendIPConfigurations/frontend",
                "inbound_nat_rules": [],
                "load_balancer_rules": [
                  "/subscriptions/2bde2ba1-39c9-4093-9a0d-fe665768699b/resourceGroups/Sample_Resource_Group/providers/Microsoft.Network/loadBalancers/webapp-lb/loadBalancingRules/ssh-rule"
                ],
                "name": "frontend",
                "outbound_rules": [],
                "private_ip_address": "",
                "private_ip_address_allocation": "Dynamic",
                "private_ip_address_version": "",
                "public_ip_address_id": "/subscriptions/2bde2ba1-39c9-4093-9a0d-fe665768699b/resourceGroups/Sample_Resource_Group/providers/Microsoft.Network/publicIPAddresses/lb-public-ip",
                "public_ip_prefix_id": "",
                "subnet_id": "",
                "zones": []
              }
            ],
            "id": "/subscriptions/2bde2ba1-39c9-4093-9a0d-fe665768699b/resourceGroups/Sample_Resource_Group/providers/Microsoft.Network/loadBalancers/webapp-lb",
            "location": "eastus",
            "name": "webapp-lb",
            "private_ip_address": "",
            "private_ip_addresses": [],
            "public_ip_address_id": null,
            "resource_group_name": "Sample_Resource_Group",
            "sku": "Standard",
            "sku_tier": "Regional",
            "subnet_id": null,
            "tags": {},
            "timeouts": null
          },
          "sensitive_attributes": [],
          "identity_schema_version": 0,
          "private": "eyJlMmJmYjczMC1lY2FhLTExZTYtOGY4OC0zNDM2M2JjN2M0YzAiOnsiY3JlYXRlIjoxODAwMDAwMDAwMDAwLCJkZWxldGUiOjE4MDAwMDAwMDAwMDAsInJlYWQiOjMwMDAwMDAwMDAwMCwidXBkYXRlIjoxODAwMDAwMDAwMDAwfX0=",
          "dependencies": [
            "azurerm_public_ip.lb_public_ip",
            "azurerm_resource_group.rg"
          ]
        }
      ]
    },
    {
      "mode": "managed",
      "type": "azurerm_lb_backend_address_pool",
      "name": "bepool",
      "provider": "provider[\"registry.terraform.io/hashicorp/azurerm\"]",
      "instances": [
        {
          "schema_version": 0,
          "attributes": {
            "backend_ip_configurations": [],
            "id": "/subscriptions/2bde2ba1-39c9-4093-9a0d-fe665768699b/resourceGroups/Sample_Resource_Group/providers/Microsoft.Network/loadBalancers/webapp-lb/backendAddressPools/webapp-backend-pool",
            "inbound_nat_rules": [],
            "load_balancing_rules": [
              "/subscriptions/2bde2ba1-39c9-4093-9a0d-fe665768699b/resourceGroups/Sample_Resource_Group/providers/Microsoft.Network/loadBalancers/webapp-lb/loadBalancingRules/ssh-rule"
            ],
            "loadbalancer_id": "/subscriptions/2bde2ba1-39c9-4093-9a0d-fe665768699b/resourceGroups/Sample_Resource_Group/providers/Microsoft.Network/loadBalancers/webapp-lb",
            "name": "webapp-backend-pool",
            "outbound_rules": [],
            "synchronous_mode": "",
            "timeouts": null,
            "tunnel_interface": [],
            "virtual_network_id": ""
          },
          "sensitive_attributes": [],
          "identity_schema_version": 0,
          "private": "eyJlMmJmYjczMC1lY2FhLTExZTYtOGY4OC0zNDM2M2JjN2M0YzAiOnsiY3JlYXRlIjoxODAwMDAwMDAwMDAwLCJkZWxldGUiOjE4MDAwMDAwMDAwMDAsInJlYWQiOjMwMDAwMDAwMDAwMCwidXBkYXRlIjoxODAwMDAwMDAwMDAwfX0=",
          "dependencies": [
            "azurerm_lb.lb",
            "azurerm_public_ip.lb_public_ip",
            "azurerm_resource_group.rg"
          ]
        }
      ]
    },
    {
      "mode": "managed",
      "type": "azurerm_lb_probe",
      "name": "lb_hprobe",
      "provider": "provider[\"registry.terraform.io/hashicorp/azurerm\"]",
      "instances": [
        {
          "schema_version": 0,
          "attributes": {
            "id": "/subscriptions/2bde2ba1-39c9-4093-9a0d-fe665768699b/resourceGroups/Sample_Resource_Group/providers/Microsoft.Network/loadBalancers/webapp-lb/probes/ssh-probe",
            "interval_in_seconds": 10,
            "load_balancer_rules": [],
            "loadbalancer_id": "/subscriptions/2bde2ba1-39c9-4093-9a0d-fe665768699b/resourceGroups/Sample_Resource_Group/providers/Microsoft.Network/loadBalancers/webapp-lb",
            "name": "ssh-probe",
            "number_of_probes": 2,
            "port": 22,
            "probe_threshold": 1,
            "protocol": "Tcp",
            "request_path": "",
            "timeouts": null
          },
          "sensitive_attributes": [],
          "identity_schema_version": 0,
          "private": "eyJlMmJmYjczMC1lY2FhLTExZTYtOGY4OC0zNDM2M2JjN2M0YzAiOnsiY3JlYXRlIjoxODAwMDAwMDAwMDAwLCJkZWxldGUiOjE4MDAwMDAwMDAwMDAsInJlYWQiOjMwMDAwMDAwMDAwMCwidXBkYXRlIjoxODAwMDAwMDAwMDAwfX0=",
          "dependencies": [
            "azurerm_lb.lb",
            "azurerm_public_ip.lb_public_ip",
            "azurerm_resource_group.rg"
          ]
        }
      ]
    },
    {
      "mode": "managed",
      "type": "azurerm_lb_rule",
      "name": "ssh_rule",
      "provider": "provider[\"registry.terraform.io/hashicorp/azurerm\"]",
      "instances": [
        {
          "schema_version": 0,
          "attributes": {
            "backend_address_pool_ids": [
              "/subscriptions/2bde2ba1-39c9-4093-9a0d-fe665768699b/resourceGroups/Sample_Resource_Group/providers/Microsoft.Network/loadBalancers/webapp-lb/backendAddressPools/webapp-backend-pool"
            ],
            "backend_port": 22,
            "disable_outbound_snat": false,
            "enable_floating_ip": false,
            "enable_tcp_reset": false,
            "floating_ip_enabled": false,
            "frontend_ip_configuration_id": "/subscriptions/2bde2ba1-39c9-4093-9a0d-fe665768699b/resourceGroups/Sample_Resource_Group/providers/Microsoft.Network/loadBalancers/webapp-lb/frontendIPConfigurations/frontend",
            "frontend_ip_configuration_name": "frontend",
            "frontend_port": 22,
            "id": "/subscriptions/2bde2ba1-39c9-4093-9a0d-fe665768699b/resourceGroups/Sample_Resource_Group/providers/Microsoft.Network/loadBalancers/webapp-lb/loadBalancingRules/ssh-rule",
            "idle_timeout_in_minutes": 4,
            "load_distribution": "Default",
            "loadbalancer_id": "/subscriptions/2bde2ba1-39c9-4093-9a0d-fe665768699b/resourceGroups/Sample_Resource_Group/providers/Microsoft.Network/loadBalancers/webapp-lb",
            "name": "ssh-rule",
            "probe_id": "",
            "protocol": "Tcp",
            "tcp_reset_enabled": false,
            "timeouts": null
          },
          "sensitive_attributes": [],
          "identity_schema_version": 0,
          "private": "eyJlMmJmYjczMC1lY2FhLTExZTYtOGY4OC0zNDM2M2JjN2M0YzAiOnsiY3JlYXRlIjoxODAwMDAwMDAwMDAwLCJkZWxldGUiOjE4MDAwMDAwMDAwMDAsInJlYWQiOjMwMDAwMDAwMDAwMCwidXBkYXRlIjoxODAwMDAwMDAwMDAwfX0=",
          "dependencies": [
            "azurerm_lb.lb",
            "azurerm_lb_backend_address_pool.bepool",
            "azurerm_public_ip.lb_public_ip",
            "azurerm_resource_group.rg"
          ]
        }
      ]
    },
    {
      "mode": "managed",
      "type": "azurerm_linux_virtual_machine",
      "name": "vm",
      "provider": "provider[\"registry.terraform.io/hashicorp/azurerm\"]",
      "instances": [
        {
          "schema_version": 0,
          "attributes": {
            "additional_capabilities": [],
            "admin_password": null,
            "admin_ssh_key": [
              {
                "public_key": "ssh-rsa AAAAB3NzaC1yc2EAAAADAQABAAACAQDCU05KN4//Vu6GGdUVdRs1kP21ISuEL6CNHaZw5F0oGLk99btOXWk8gDQu6Y2v3DCx/5OLqm7iDvUHOwFKIRFMyvbrkSP7gKgAHQnX0ixLhdAhTCmOhEnpVr4XH1aRowOqPGcMNjogCknDbU2d88agLp4IcPQISpb1IM4QSyoF3BroCf/osyKJttOcXHSmUMXpMGH841WxuZgd8l+9mRnC0l/1wO74vHK/XhJKS/u8WIjlSHmHHwM4wcUUqeWjZC1sUBUTl0B6OFC8rN6JbEqwNLnFMejZe5n3JD9GCyMTR2N37BTIRfKBd6+9YqFcDXKbfp8P4TyMWPo7zIjMvmR5RHslrzN7ISKq9IwNFpMgPKNKN5fibTHgdYLH2bQn8J3ZMImtsOg2Hkg75P53XMQe3C1cyQFfqsj9KQQ9p/X3GWqg/L3X6sP0CriKR0GcOst3dbe4qPdk+V1nbkcZ/SYFw5flb4LQp8AiHrIbcNBNKzkOTZ1eeH3v32D0Ey/69sa8TW7Ay+dYCui5u1IgppnNLVnPimr/igFzp/u8VNLHcNWIxDxi8mVSLb+rIHA4SEyqVVmMMGJ9mjLUVG9hfcFZb68hvCRORJNWluYf1z+cTXY7rjXlTrP79SIsklILlcBKeB/HS4K5YiGb86AKIm9qsrwAwbd7vAh7vdBSNcDadw== alex.d.scott12@gmail.com\n",
                "username": "adminuser"
              }
            ],
            "admin_username": "adminuser",
            "allow_extension_operations": true,
            "availability_set_id": "",
            "boot_diagnostics": [],
            "bypass_platform_safety_checks_on_user_schedule_enabled": false,
            "capacity_reservation_group_id": "",
            "computer_name": "webapp1-vm",
            "custom_data": null,
            "dedicated_host_group_id": "",
            "dedicated_host_id": "",
            "disable_password_authentication": true,
            "disk_controller_type": "SCSI",
            "edge_zone": "",
            "encryption_at_host_enabled": false,
            "eviction_policy": "",
            "extensions_time_budget": "PT1H30M",
            "gallery_application": [],
            "id": "/subscriptions/2bde2ba1-39c9-4093-9a0d-fe665768699b/resourceGroups/Sample_Resource_Group/providers/Microsoft.Compute/virtualMachines/webapp1-vm",
            "identity": [],
            "license_type": "",
            "location": "eastus",
            "max_bid_price": -1,
            "name": "webapp1-vm",
            "network_interface_ids": [
              "/subscriptions/2bde2ba1-39c9-4093-9a0d-fe665768699b/resourceGroups/Sample_Resource_Group/providers/Microsoft.Network/networkInterfaces/nic"
            ],
            "os_disk": [
              {
                "caching": "ReadWrite",
                "diff_disk_settings": [],
                "disk_encryption_set_id": "",
                "disk_size_gb": 30,
                "id": "/subscriptions/2bde2ba1-39c9-4093-9a0d-fe665768699b/resourceGroups/Sample_Resource_Group/providers/Microsoft.Compute/disks/webapp1-vm_OsDisk_1_cf562066ce044a46a78df759714f53eb",
                "name": "webapp1-vm_OsDisk_1_cf562066ce044a46a78df759714f53eb",
                "secure_vm_disk_encryption_set_id": "",
                "security_encryption_type": "",
                "storage_account_type": "Standard_LRS",
                "write_accelerator_enabled": false
              }
            ],
            "os_image_notification": [],
            "os_managed_disk_id": "/subscriptions/2bde2ba1-39c9-4093-9a0d-fe665768699b/resourceGroups/Sample_Resource_Group/providers/Microsoft.Compute/disks/webapp1-vm_OsDisk_1_cf562066ce044a46a78df759714f53eb",
            "patch_assessment_mode": "ImageDefault",
            "patch_mode": "ImageDefault",
            "plan": [],
            "platform_fault_domain": -1,
            "priority": "Regular",
            "private_ip_address": "10.0.2.5",
            "private_ip_addresses": [
              "10.0.2.5"
            ],
            "provision_vm_agent": true,
            "proximity_placement_group_id": "",
            "public_ip_address": "",
            "public_ip_addresses": [],
            "reboot_setting": "",
            "resource_group_name": "Sample_Resource_Group",
            "secret": [],
            "secure_boot_enabled": false,
            "size": "Standard_B1s",
            "source_image_id": "",
            "source_image_reference": [
              {
                "offer": "0001-com-ubuntu-server-focal",
                "publisher": "Canonical",
                "sku": "20_04-lts-gen2",
                "version": "latest"
              }
            ],
            "tags": null,
            "termination_notification": null,
            "timeouts": null,
            "user_data": "",
            "virtual_machine_id": "4ba88f76-1ce1-41e1-bd26-dc497387abff",
            "virtual_machine_scale_set_id": "",
            "vm_agent_platform_updates_enabled": false,
            "vtpm_enabled": false,
            "zone": ""
          },
          "sensitive_attributes": [
            [
              {
                "type": "get_attr",
                "value": "admin_password"
              }
            ],
            [
              {
                "type": "get_attr",
                "value": "custom_data"
              }
            ]
          ],
          "identity_schema_version": 0,
          "private": "eyJlMmJmYjczMC1lY2FhLTExZTYtOGY4OC0zNDM2M2JjN2M0YzAiOnsiY3JlYXRlIjoyNzAwMDAwMDAwMDAwLCJkZWxldGUiOjI3MDAwMDAwMDAwMDAsInJlYWQiOjMwMDAwMDAwMDAwMCwidXBkYXRlIjoyNzAwMDAwMDAwMDAwfX0=",
          "dependencies": [
            "azurerm_network_interface.nic",
            "azurerm_resource_group.rg",
            "azurerm_subnet.subnet1",
            "azurerm_virtual_network.vnet"
          ]
        }
      ]
    },
    {
      "mode": "managed",
      "type": "azurerm_linux_virtual_machine",
      "name": "vm2",
      "provider": "provider[\"registry.terraform.io/hashicorp/azurerm\"]",
      "instances": [
        {
          "schema_version": 0,
          "attributes": {
            "additional_capabilities": [],
            "admin_password": null,
            "admin_ssh_key": [
              {
                "public_key": "ssh-rsa AAAAB3NzaC1yc2EAAAADAQABAAACAQDCU05KN4//Vu6GGdUVdRs1kP21ISuEL6CNHaZw5F0oGLk99btOXWk8gDQu6Y2v3DCx/5OLqm7iDvUHOwFKIRFMyvbrkSP7gKgAHQnX0ixLhdAhTCmOhEnpVr4XH1aRowOqPGcMNjogCknDbU2d88agLp4IcPQISpb1IM4QSyoF3BroCf/osyKJttOcXHSmUMXpMGH841WxuZgd8l+9mRnC0l/1wO74vHK/XhJKS/u8WIjlSHmHHwM4wcUUqeWjZC1sUBUTl0B6OFC8rN6JbEqwNLnFMejZe5n3JD9GCyMTR2N37BTIRfKBd6+9YqFcDXKbfp8P4TyMWPo7zIjMvmR5RHslrzN7ISKq9IwNFpMgPKNKN5fibTHgdYLH2bQn8J3ZMImtsOg2Hkg75P53XMQe3C1cyQFfqsj9KQQ9p/X3GWqg/L3X6sP0CriKR0GcOst3dbe4qPdk+V1nbkcZ/SYFw5flb4LQp8AiHrIbcNBNKzkOTZ1eeH3v32D0Ey/69sa8TW7Ay+dYCui5u1IgppnNLVnPimr/igFzp/u8VNLHcNWIxDxi8mVSLb+rIHA4SEyqVVmMMGJ9mjLUVG9hfcFZb68hvCRORJNWluYf1z+cTXY7rjXlTrP79SIsklILlcBKeB/HS4K5YiGb86AKIm9qsrwAwbd7vAh7vdBSNcDadw== alex.d.scott12@gmail.com\n",
                "username": "adminuser"
              }
            ],
            "admin_username": "adminuser",
            "allow_extension_operations": true,
            "availability_set_id": "",
            "boot_diagnostics": [],
            "bypass_platform_safety_checks_on_user_schedule_enabled": false,
            "capacity_reservation_group_id": "",
            "computer_name": "webapp1-vm2",
            "custom_data": null,
            "dedicated_host_group_id": "",
            "dedicated_host_id": "",
            "disable_password_authentication": true,
            "disk_controller_type": "SCSI",
            "edge_zone": "",
            "encryption_at_host_enabled": false,
            "eviction_policy": "",
            "extensions_time_budget": "PT1H30M",
            "gallery_application": [],
            "id": "/subscriptions/2bde2ba1-39c9-4093-9a0d-fe665768699b/resourceGroups/Sample_Resource_Group/providers/Microsoft.Compute/virtualMachines/webapp1-vm2",
            "identity": [],
            "license_type": "",
            "location": "eastus",
            "max_bid_price": -1,
            "name": "webapp1-vm2",
            "network_interface_ids": [
              "/subscriptions/2bde2ba1-39c9-4093-9a0d-fe665768699b/resourceGroups/Sample_Resource_Group/providers/Microsoft.Network/networkInterfaces/nic2"
            ],
            "os_disk": [
              {
                "caching": "ReadWrite",
                "diff_disk_settings": [],
                "disk_encryption_set_id": "",
                "disk_size_gb": 30,
                "id": "/subscriptions/2bde2ba1-39c9-4093-9a0d-fe665768699b/resourceGroups/Sample_Resource_Group/providers/Microsoft.Compute/disks/webapp1-vm2_OsDisk_1_ad49f6591c7244a8a4f10ee1c3b0f8f6",
                "name": "webapp1-vm2_OsDisk_1_ad49f6591c7244a8a4f10ee1c3b0f8f6",
                "secure_vm_disk_encryption_set_id": "",
                "security_encryption_type": "",
                "storage_account_type": "Standard_LRS",
                "write_accelerator_enabled": false
              }
            ],
            "os_image_notification": [],
            "os_managed_disk_id": "/subscriptions/2bde2ba1-39c9-4093-9a0d-fe665768699b/resourceGroups/Sample_Resource_Group/providers/Microsoft.Compute/disks/webapp1-vm2_OsDisk_1_ad49f6591c7244a8a4f10ee1c3b0f8f6",
            "patch_assessment_mode": "ImageDefault",
            "patch_mode": "ImageDefault",
            "plan": [],
            "platform_fault_domain": -1,
            "priority": "Regular",
            "private_ip_address": "10.0.2.6",
            "private_ip_addresses": [
              "10.0.2.6"
            ],
            "provision_vm_agent": true,
            "proximity_placement_group_id": "",
            "public_ip_address": "",
            "public_ip_addresses": [],
            "reboot_setting": "",
            "resource_group_name": "Sample_Resource_Group",
            "secret": [],
            "secure_boot_enabled": false,
            "size": "Standard_B1s",
            "source_image_id": "",
            "source_image_reference": [
              {
                "offer": "0001-com-ubuntu-server-focal",
                "publisher": "Canonical",
                "sku": "20_04-lts-gen2",
                "version": "latest"
              }
            ],
            "tags": null,
            "termination_notification": null,
            "timeouts": null,
            "user_data": "",
            "virtual_machine_id": "52cf9b13-cd2c-4d4c-8d82-4148d1ad4198",
            "virtual_machine_scale_set_id": "",
            "vm_agent_platform_updates_enabled": false,
            "vtpm_enabled": false,
            "zone": ""
          },
          "sensitive_attributes": [
            [
              {
                "type": "get_attr",
                "value": "admin_password"
              }
            ],
            [
              {
                "type": "get_attr",
                "value": "custom_data"
              }
            ]
          ],
          "identity_schema_version": 0,
          "private": "eyJlMmJmYjczMC1lY2FhLTExZTYtOGY4OC0zNDM2M2JjN2M0YzAiOnsiY3JlYXRlIjoyNzAwMDAwMDAwMDAwLCJkZWxldGUiOjI3MDAwMDAwMDAwMDAsInJlYWQiOjMwMDAwMDAwMDAwMCwidXBkYXRlIjoyNzAwMDAwMDAwMDAwfX0=",
          "dependencies": [
            "azurerm_network_interface.nic2",
            "azurerm_resource_group.rg",
            "azurerm_subnet.subnet1",
            "azurerm_virtual_network.vnet"
          ]
        }
      ]
    },
    {
      "mode": "managed",
      "type": "azurerm_linux_virtual_machine",
      "name": "vm3",
      "provider": "provider[\"registry.terraform.io/hashicorp/azurerm\"]",
      "instances": [
        {
          "schema_version": 0,
          "attributes": {
            "additional_capabilities": [],
            "admin_password": null,
            "admin_ssh_key": [
              {
                "public_key": "ssh-rsa AAAAB3NzaC1yc2EAAAADAQABAAACAQDCU05KN4//Vu6GGdUVdRs1kP21ISuEL6CNHaZw5F0oGLk99btOXWk8gDQu6Y2v3DCx/5OLqm7iDvUHOwFKIRFMyvbrkSP7gKgAHQnX0ixLhdAhTCmOhEnpVr4XH1aRowOqPGcMNjogCknDbU2d88agLp4IcPQISpb1IM4QSyoF3BroCf/osyKJttOcXHSmUMXpMGH841WxuZgd8l+9mRnC0l/1wO74vHK/XhJKS/u8WIjlSHmHHwM4wcUUqeWjZC1sUBUTl0B6OFC8rN6JbEqwNLnFMejZe5n3JD9GCyMTR2N37BTIRfKBd6+9YqFcDXKbfp8P4TyMWPo7zIjMvmR5RHslrzN7ISKq9IwNFpMgPKNKN5fibTHgdYLH2bQn8J3ZMImtsOg2Hkg75P53XMQe3C1cyQFfqsj9KQQ9p/X3GWqg/L3X6sP0CriKR0GcOst3dbe4qPdk+V1nbkcZ/SYFw5flb4LQp8AiHrIbcNBNKzkOTZ1eeH3v32D0Ey/69sa8TW7Ay+dYCui5u1IgppnNLVnPimr/igFzp/u8VNLHcNWIxDxi8mVSLb+rIHA4SEyqVVmMMGJ9mjLUVG9hfcFZb68hvCRORJNWluYf1z+cTXY7rjXlTrP79SIsklILlcBKeB/HS4K5YiGb86AKIm9qsrwAwbd7vAh7vdBSNcDadw== alex.d.scott12@gmail.com\n",
                "username": "adminuser"
              }
            ],
            "admin_username": "adminuser",
            "allow_extension_operations": true,
            "availability_set_id": "",
            "boot_diagnostics": [],
            "bypass_platform_safety_checks_on_user_schedule_enabled": false,
            "capacity_reservation_group_id": "",
            "computer_name": "database-vm3",
            "custom_data": null,
            "dedicated_host_group_id": "",
            "dedicated_host_id": "",
            "disable_password_authentication": true,
            "disk_controller_type": "SCSI",
            "edge_zone": "",
            "encryption_at_host_enabled": false,
            "eviction_policy": "",
            "extensions_time_budget": "PT1H30M",
            "gallery_application": [],
            "id": "/subscriptions/2bde2ba1-39c9-4093-9a0d-fe665768699b/resourceGroups/Sample_Resource_Group/providers/Microsoft.Compute/virtualMachines/database-vm3",
            "identity": [],
            "license_type": "",
            "location": "eastus",
            "max_bid_price": -1,
            "name": "database-vm3",
            "network_interface_ids": [
              "/subscriptions/2bde2ba1-39c9-4093-9a0d-fe665768699b/resourceGroups/Sample_Resource_Group/providers/Microsoft.Network/networkInterfaces/nic3"
            ],
            "os_disk": [
              {
                "caching": "ReadWrite",
                "diff_disk_settings": [],
                "disk_encryption_set_id": "",
                "disk_size_gb": 30,
                "id": "/subscriptions/2bde2ba1-39c9-4093-9a0d-fe665768699b/resourceGroups/Sample_Resource_Group/providers/Microsoft.Compute/disks/database-vm3_OsDisk_1_c4067360af104fe0a2c75b281dc1c2b2",
                "name": "database-vm3_OsDisk_1_c4067360af104fe0a2c75b281dc1c2b2",
                "secure_vm_disk_encryption_set_id": "",
                "security_encryption_type": "",
                "storage_account_type": "Standard_LRS",
                "write_accelerator_enabled": false
              }
            ],
            "os_image_notification": [],
            "os_managed_disk_id": "/subscriptions/2bde2ba1-39c9-4093-9a0d-fe665768699b/resourceGroups/Sample_Resource_Group/providers/Microsoft.Compute/disks/database-vm3_OsDisk_1_c4067360af104fe0a2c75b281dc1c2b2",
            "patch_assessment_mode": "ImageDefault",
            "patch_mode": "ImageDefault",
            "plan": [],
            "platform_fault_domain": -1,
            "priority": "Regular",
            "private_ip_address": "10.0.3.5",
            "private_ip_addresses": [
              "10.0.3.5"
            ],
            "provision_vm_agent": true,
            "proximity_placement_group_id": "",
            "public_ip_address": "",
            "public_ip_addresses": [],
            "reboot_setting": "",
            "resource_group_name": "Sample_Resource_Group",
            "secret": [],
            "secure_boot_enabled": false,
            "size": "Standard_B1s",
            "source_image_id": "",
            "source_image_reference": [
              {
                "offer": "0001-com-ubuntu-server-focal",
                "publisher": "Canonical",
                "sku": "20_04-lts-gen2",
                "version": "latest"
              }
            ],
            "tags": null,
            "termination_notification": null,
            "timeouts": null,
            "user_data": "",
            "virtual_machine_id": "c6fc01a1-2902-4ea7-ba06-eac6bd3d9c9d",
            "virtual_machine_scale_set_id": "",
            "vm_agent_platform_updates_enabled": false,
            "vtpm_enabled": false,
            "zone": ""
          },
          "sensitive_attributes": [
            [
              {
                "type": "get_attr",
                "value": "admin_password"
              }
            ],
            [
              {
                "type": "get_attr",
                "value": "custom_data"
              }
            ]
          ],
          "identity_schema_version": 0,
          "private": "eyJlMmJmYjczMC1lY2FhLTExZTYtOGY4OC0zNDM2M2JjN2M0YzAiOnsiY3JlYXRlIjoyNzAwMDAwMDAwMDAwLCJkZWxldGUiOjI3MDAwMDAwMDAwMDAsInJlYWQiOjMwMDAwMDAwMDAwMCwidXBkYXRlIjoyNzAwMDAwMDAwMDAwfX0=",
          "dependencies": [
            "azurerm_network_interface.nic3",
            "azurerm_resource_group.rg",
            "azurerm_subnet.subnet2",
            "azurerm_virtual_network.vnet"
          ]
        }
      ]
    },
    {
      "mode": "managed",
      "type": "azurerm_network_interface",
      "name": "nic",
      "provider": "provider[\"registry.terraform.io/hashicorp/azurerm\"]",
      "instances": [
        {
          "schema_version": 0,
          "attributes": {
            "accelerated_networking_enabled": false,
            "applied_dns_servers": [],
            "auxiliary_mode": "",
            "auxiliary_sku": "",
            "dns_servers": null,
            "edge_zone": "",
            "id": "/subscriptions/2bde2ba1-39c9-4093-9a0d-fe665768699b/resourceGroups/Sample_Resource_Group/providers/Microsoft.Network/networkInterfaces/nic",
            "internal_dns_name_label": "",
            "internal_domain_name_suffix": "siqzrqwh1qke5mlsqcl2204itg.bx.internal.cloudapp.net",
            "ip_configuration": [
              {
                "gateway_load_balancer_frontend_ip_configuration_id": "",
                "name": "internal1",
                "primary": true,
                "private_ip_address": "10.0.2.5",
                "private_ip_address_allocation": "Static",
                "private_ip_address_version": "IPv4",
                "public_ip_address_id": "",
                "subnet_id": "/subscriptions/2bde2ba1-39c9-4093-9a0d-fe665768699b/resourceGroups/Sample_Resource_Group/providers/Microsoft.Network/virtualNetworks/Sample-vnet/subnets/web-subnet"
              }
            ],
            "ip_forwarding_enabled": false,
            "location": "eastus",
            "mac_address": "",
            "name": "nic",
            "private_ip_address": "10.0.2.5",
            "private_ip_addresses": [
              "10.0.2.5"
            ],
            "resource_group_name": "Sample_Resource_Group",
            "tags": null,
            "timeouts": null,
            "virtual_machine_id": ""
          },
          "sensitive_attributes": [],
          "identity_schema_version": 0,
          "identity": {
            "name": "nic",
            "resource_group_name": "Sample_Resource_Group",
            "subscription_id": "2bde2ba1-39c9-4093-9a0d-fe665768699b"
          },
          "private": "eyJlMmJmYjczMC1lY2FhLTExZTYtOGY4OC0zNDM2M2JjN2M0YzAiOnsiY3JlYXRlIjoxODAwMDAwMDAwMDAwLCJkZWxldGUiOjE4MDAwMDAwMDAwMDAsInJlYWQiOjMwMDAwMDAwMDAwMCwidXBkYXRlIjoxODAwMDAwMDAwMDAwfX0=",
          "dependencies": [
            "azurerm_resource_group.rg",
            "azurerm_subnet.subnet1",
            "azurerm_virtual_network.vnet"
          ]
        }
      ]
    },
    {
      "mode": "managed",
      "type": "azurerm_network_interface",
      "name": "nic2",
      "provider": "provider[\"registry.terraform.io/hashicorp/azurerm\"]",
      "instances": [
        {
          "schema_version": 0,
          "attributes": {
            "accelerated_networking_enabled": false,
            "applied_dns_servers": [],
            "auxiliary_mode": "",
            "auxiliary_sku": "",
            "dns_servers": null,
            "edge_zone": "",
            "id": "/subscriptions/2bde2ba1-39c9-4093-9a0d-fe665768699b/resourceGroups/Sample_Resource_Group/providers/Microsoft.Network/networkInterfaces/nic2",
            "internal_dns_name_label": "",
            "internal_domain_name_suffix": "siqzrqwh1qke5mlsqcl2204itg.bx.internal.cloudapp.net",
            "ip_configuration": [
              {
                "gateway_load_balancer_frontend_ip_configuration_id": "",
                "name": "internal2",
                "primary": true,
                "private_ip_address": "10.0.2.6",
                "private_ip_address_allocation": "Static",
                "private_ip_address_version": "IPv4",
                "public_ip_address_id": "",
                "subnet_id": "/subscriptions/2bde2ba1-39c9-4093-9a0d-fe665768699b/resourceGroups/Sample_Resource_Group/providers/Microsoft.Network/virtualNetworks/Sample-vnet/subnets/web-subnet"
              }
            ],
            "ip_forwarding_enabled": false,
            "location": "eastus",
            "mac_address": "",
            "name": "nic2",
            "private_ip_address": "10.0.2.6",
            "private_ip_addresses": [
              "10.0.2.6"
            ],
            "resource_group_name": "Sample_Resource_Group",
            "tags": null,
            "timeouts": null,
            "virtual_machine_id": ""
          },
          "sensitive_attributes": [],
          "identity_schema_version": 0,
          "identity": {
            "name": "nic2",
            "resource_group_name": "Sample_Resource_Group",
            "subscription_id": "2bde2ba1-39c9-4093-9a0d-fe665768699b"
          },
          "private": "eyJlMmJmYjczMC1lY2FhLTExZTYtOGY4OC0zNDM2M2JjN2M0YzAiOnsiY3JlYXRlIjoxODAwMDAwMDAwMDAwLCJkZWxldGUiOjE4MDAwMDAwMDAwMDAsInJlYWQiOjMwMDAwMDAwMDAwMCwidXBkYXRlIjoxODAwMDAwMDAwMDAwfX0=",
          "dependencies": [
            "azurerm_resource_group.rg",
            "azurerm_subnet.subnet1",
            "azurerm_virtual_network.vnet"
          ]
        }
      ]
    },
    {
      "mode": "managed",
      "type": "azurerm_network_interface",
      "name": "nic3",
      "provider": "provider[\"registry.terraform.io/hashicorp/azurerm\"]",
      "instances": [
        {
          "schema_version": 0,
          "attributes": {
            "accelerated_networking_enabled": false,
            "applied_dns_servers": [],
            "auxiliary_mode": "",
            "auxiliary_sku": "",
            "dns_servers": null,
            "edge_zone": "",
            "id": "/subscriptions/2bde2ba1-39c9-4093-9a0d-fe665768699b/resourceGroups/Sample_Resource_Group/providers/Microsoft.Network/networkInterfaces/nic3",
            "internal_dns_name_label": "",
            "internal_domain_name_suffix": "siqzrqwh1qke5mlsqcl2204itg.bx.internal.cloudapp.net",
            "ip_configuration": [
              {
                "gateway_load_balancer_frontend_ip_configuration_id": "",
                "name": "database_config",
                "primary": true,
                "private_ip_address": "10.0.3.5",
                "private_ip_address_allocation": "Static",
                "private_ip_address_version": "IPv4",
                "public_ip_address_id": "",
                "subnet_id": "/subscriptions/2bde2ba1-39c9-4093-9a0d-fe665768699b/resourceGroups/Sample_Resource_Group/providers/Microsoft.Network/virtualNetworks/Sample-vnet/subnets/database-subnet"
              }
            ],
            "ip_forwarding_enabled": false,
            "location": "eastus",
            "mac_address": "",
            "name": "nic3",
            "private_ip_address": "10.0.3.5",
            "private_ip_addresses": [
              "10.0.3.5"
            ],
            "resource_group_name": "Sample_Resource_Group",
            "tags": null,
            "timeouts": null,
            "virtual_machine_id": ""
          },
          "sensitive_attributes": [],
          "identity_schema_version": 0,
          "identity": {
            "name": "nic3",
            "resource_group_name": "Sample_Resource_Group",
            "subscription_id": "2bde2ba1-39c9-4093-9a0d-fe665768699b"
          },
          "private": "eyJlMmJmYjczMC1lY2FhLTExZTYtOGY4OC0zNDM2M2JjN2M0YzAiOnsiY3JlYXRlIjoxODAwMDAwMDAwMDAwLCJkZWxldGUiOjE4MDAwMDAwMDAwMDAsInJlYWQiOjMwMDAwMDAwMDAwMCwidXBkYXRlIjoxODAwMDAwMDAwMDAwfX0=",
          "dependencies": [
            "azurerm_resource_group.rg",
            "azurerm_subnet.subnet2",
            "azurerm_virtual_network.vnet"
          ]
        }
      ]
    },
    {
      "mode": "managed",
      "type": "azurerm_network_interface_backend_address_pool_association",
      "name": "vm1-allocate",
      "provider": "provider[\"registry.terraform.io/hashicorp/azurerm\"]",
      "instances": [
        {
          "schema_version": 0,
          "attributes": {
            "backend_address_pool_id": "/subscriptions/2bde2ba1-39c9-4093-9a0d-fe665768699b/resourceGroups/Sample_Resource_Group/providers/Microsoft.Network/loadBalancers/webapp-lb/backendAddressPools/webapp-backend-pool",
            "id": "/subscriptions/2bde2ba1-39c9-4093-9a0d-fe665768699b/resourceGroups/Sample_Resource_Group/providers/Microsoft.Network/networkInterfaces/nic/ipConfigurations/internal1|/subscriptions/2bde2ba1-39c9-4093-9a0d-fe665768699b/resourceGroups/Sample_Resource_Group/providers/Microsoft.Network/loadBalancers/webapp-lb/backendAddressPools/webapp-backend-pool",
            "ip_configuration_name": "internal1",
            "network_interface_id": "/subscriptions/2bde2ba1-39c9-4093-9a0d-fe665768699b/resourceGroups/Sample_Resource_Group/providers/Microsoft.Network/networkInterfaces/nic",
            "timeouts": null
          },
          "sensitive_attributes": [],
          "identity_schema_version": 0,
          "private": "eyJlMmJmYjczMC1lY2FhLTExZTYtOGY4OC0zNDM2M2JjN2M0YzAiOnsiY3JlYXRlIjoxODAwMDAwMDAwMDAwLCJkZWxldGUiOjE4MDAwMDAwMDAwMDAsInJlYWQiOjMwMDAwMDAwMDAwMH19",
          "dependencies": [
            "azurerm_lb.lb",
            "azurerm_lb_backend_address_pool.bepool",
            "azurerm_network_interface.nic",
            "azurerm_public_ip.lb_public_ip",
            "azurerm_resource_group.rg",
            "azurerm_subnet.subnet1",
            "azurerm_virtual_network.vnet"
          ]
        }
      ]
    },
    {
      "mode": "managed",
      "type": "azurerm_network_interface_backend_address_pool_association",
      "name": "vm2-allocation",
      "provider": "provider[\"registry.terraform.io/hashicorp/azurerm\"]",
      "instances": [
        {
          "schema_version": 0,
          "attributes": {
            "backend_address_pool_id": "/subscriptions/2bde2ba1-39c9-4093-9a0d-fe665768699b/resourceGroups/Sample_Resource_Group/providers/Microsoft.Network/loadBalancers/webapp-lb/backendAddressPools/webapp-backend-pool",
            "id": "/subscriptions/2bde2ba1-39c9-4093-9a0d-fe665768699b/resourceGroups/Sample_Resource_Group/providers/Microsoft.Network/networkInterfaces/nic2/ipConfigurations/internal2|/subscriptions/2bde2ba1-39c9-4093-9a0d-fe665768699b/resourceGroups/Sample_Resource_Group/providers/Microsoft.Network/loadBalancers/webapp-lb/backendAddressPools/webapp-backend-pool",
            "ip_configuration_name": "internal2",
            "network_interface_id": "/subscriptions/2bde2ba1-39c9-4093-9a0d-fe665768699b/resourceGroups/Sample_Resource_Group/providers/Microsoft.Network/networkInterfaces/nic2",
            "timeouts": null
          },
          "sensitive_attributes": [],
          "identity_schema_version": 0,
          "private": "eyJlMmJmYjczMC1lY2FhLTExZTYtOGY4OC0zNDM2M2JjN2M0YzAiOnsiY3JlYXRlIjoxODAwMDAwMDAwMDAwLCJkZWxldGUiOjE4MDAwMDAwMDAwMDAsInJlYWQiOjMwMDAwMDAwMDAwMH19",
          "dependencies": [
            "azurerm_lb.lb",
            "azurerm_lb_backend_address_pool.bepool",
            "azurerm_network_interface.nic2",
            "azurerm_public_ip.lb_public_ip",
            "azurerm_resource_group.rg",
            "azurerm_subnet.subnet1",
            "azurerm_virtual_network.vnet"
          ]
        }
      ]
    },
    {
      "mode": "managed",
      "type": "azurerm_public_ip",
      "name": "lb_public_ip",
      "provider": "provider[\"registry.terraform.io/hashicorp/azurerm\"]",
      "instances": [
        {
          "schema_version": 0,
          "attributes": {
            "allocation_method": "Static",
            "ddos_protection_mode": "VirtualNetworkInherited",
            "ddos_protection_plan_id": null,
            "domain_name_label": null,
            "domain_name_label_scope": null,
            "edge_zone": "",
            "fqdn": null,
            "id": "/subscriptions/2bde2ba1-39c9-4093-9a0d-fe665768699b/resourceGroups/Sample_Resource_Group/providers/Microsoft.Network/publicIPAddresses/lb-public-ip",
            "idle_timeout_in_minutes": 4,
            "ip_address": "172.174.96.1",
            "ip_tags": {},
            "ip_version": "IPv4",
            "location": "eastus",
            "name": "lb-public-ip",
            "public_ip_prefix_id": null,
            "resource_group_name": "Sample_Resource_Group",
            "reverse_fqdn": null,
            "sku": "Standard",
            "sku_tier": "Regional",
            "tags": {},
            "timeouts": null,
            "zones": []
          },
          "sensitive_attributes": [],
          "identity_schema_version": 0,
          "private": "eyJlMmJmYjczMC1lY2FhLTExZTYtOGY4OC0zNDM2M2JjN2M0YzAiOnsiY3JlYXRlIjoxODAwMDAwMDAwMDAwLCJkZWxldGUiOjE4MDAwMDAwMDAwMDAsInJlYWQiOjMwMDAwMDAwMDAwMCwidXBkYXRlIjoxODAwMDAwMDAwMDAwfX0=",
          "dependencies": [
            "azurerm_resource_group.rg"
          ]
        }
      ]
    },
    {
      "mode": "managed",
      "type": "azurerm_resource_group",
      "name": "rg",
      "provider": "provider[\"registry.terraform.io/hashicorp/azurerm\"]",
      "instances": [
        {
          "schema_version": 0,
          "attributes": {
            "id": "/subscriptions/2bde2ba1-39c9-4093-9a0d-fe665768699b/resourceGroups/Sample_Resource_Group",
            "location": "eastus",
            "managed_by": "",
            "name": "Sample_Resource_Group",
            "tags": {},
            "timeouts": null
          },
          "sensitive_attributes": [],
          "identity_schema_version": 0,
          "private": "eyJlMmJmYjczMC1lY2FhLTExZTYtOGY4OC0zNDM2M2JjN2M0YzAiOnsiY3JlYXRlIjo1NDAwMDAwMDAwMDAwLCJkZWxldGUiOjU0MDAwMDAwMDAwMDAsInJlYWQiOjMwMDAwMDAwMDAwMCwidXBkYXRlIjo1NDAwMDAwMDAwMDAwfX0="
        }
      ]
    },
    {
      "mode": "managed",
      "type": "azurerm_subnet",
      "name": "subnet1",
      "provider": "provider[\"registry.terraform.io/hashicorp/azurerm\"]",
      "instances": [
        {
          "schema_version": 0,
          "attributes": {
            "address_prefixes": [
              "10.0.2.0/24"
            ],
            "default_outbound_access_enabled": true,
            "delegation": [],
            "id": "/subscriptions/2bde2ba1-39c9-4093-9a0d-fe665768699b/resourceGroups/Sample_Resource_Group/providers/Microsoft.Network/virtualNetworks/Sample-vnet/subnets/web-subnet",
            "ip_address_pool": [],
            "name": "web-subnet",
            "private_endpoint_network_policies": "Disabled",
            "private_link_service_network_policies_enabled": true,
            "resource_group_name": "Sample_Resource_Group",
            "service_endpoint_policy_ids": [],
            "service_endpoints": [],
            "timeouts": null,
            "virtual_network_name": "Sample-vnet"
          },
          "sensitive_attributes": [],
          "identity_schema_version": 0,
          "identity": {
            "name": "web-subnet",
            "resource_group_name": "Sample_Resource_Group",
            "subscription_id": "2bde2ba1-39c9-4093-9a0d-fe665768699b",
            "virtual_network_name": "Sample-vnet"
          },
          "private": "eyJlMmJmYjczMC1lY2FhLTExZTYtOGY4OC0zNDM2M2JjN2M0YzAiOnsiY3JlYXRlIjoxODAwMDAwMDAwMDAwLCJkZWxldGUiOjE4MDAwMDAwMDAwMDAsInJlYWQiOjMwMDAwMDAwMDAwMCwidXBkYXRlIjoxODAwMDAwMDAwMDAwfX0=",
          "dependencies": [
            "azurerm_resource_group.rg",
            "azurerm_virtual_network.vnet"
          ]
        }
      ]
    },
    {
      "mode": "managed",
      "type": "azurerm_subnet",
      "name": "subnet2",
      "provider": "provider[\"registry.terraform.io/hashicorp/azurerm\"]",
      "instances": [
        {
          "schema_version": 0,
          "attributes": {
            "address_prefixes": [
              "10.0.3.0/24"
            ],
            "default_outbound_access_enabled": true,
            "delegation": [],
            "id": "/subscriptions/2bde2ba1-39c9-4093-9a0d-fe665768699b/resourceGroups/Sample_Resource_Group/providers/Microsoft.Network/virtualNetworks/Sample-vnet/subnets/database-subnet",
            "ip_address_pool": [],
            "name": "database-subnet",
            "private_endpoint_network_policies": "Disabled",
            "private_link_service_network_policies_enabled": true,
            "resource_group_name": "Sample_Resource_Group",
            "service_endpoint_policy_ids": [],
            "service_endpoints": [],
            "timeouts": null,
            "virtual_network_name": "Sample-vnet"
          },
          "sensitive_attributes": [],
          "identity_schema_version": 0,
          "identity": {
            "name": "database-subnet",
            "resource_group_name": "Sample_Resource_Group",
            "subscription_id": "2bde2ba1-39c9-4093-9a0d-fe665768699b",
            "virtual_network_name": "Sample-vnet"
          },
          "private": "eyJlMmJmYjczMC1lY2FhLTExZTYtOGY4OC0zNDM2M2JjN2M0YzAiOnsiY3JlYXRlIjoxODAwMDAwMDAwMDAwLCJkZWxldGUiOjE4MDAwMDAwMDAwMDAsInJlYWQiOjMwMDAwMDAwMDAwMCwidXBkYXRlIjoxODAwMDAwMDAwMDAwfX0=",
          "dependencies": [
            "azurerm_resource_group.rg",
            "azurerm_virtual_network.vnet"
          ]
        }
      ]
    },
    {
      "mode": "managed",
      "type": "azurerm_virtual_network",
      "name": "vnet",
      "provider": "provider[\"registry.terraform.io/hashicorp/azurerm\"]",
      "instances": [
        {
          "schema_version": 0,
          "attributes": {
            "address_space": [
              "10.0.0.0/16"
            ],
            "bgp_community": "",
            "ddos_protection_plan": [],
            "dns_servers": [],
            "edge_zone": "",
            "encryption": [],
            "flow_timeout_in_minutes": 0,
            "guid": "c2982192-dcc7-4f14-b172-8097ce6bc89e",
            "id": "/subscriptions/2bde2ba1-39c9-4093-9a0d-fe665768699b/resourceGroups/Sample_Resource_Group/providers/Microsoft.Network/virtualNetworks/Sample-vnet",
            "ip_address_pool": [],
            "location": "eastus",
            "name": "Sample-vnet",
            "private_endpoint_vnet_policies": "Disabled",
            "resource_group_name": "Sample_Resource_Group",
            "subnet": [
              {
                "address_prefixes": [
                  "10.0.2.0/24"
                ],
                "default_outbound_access_enabled": true,
                "delegation": [],
                "id": "/subscriptions/2bde2ba1-39c9-4093-9a0d-fe665768699b/resourceGroups/Sample_Resource_Group/providers/Microsoft.Network/virtualNetworks/Sample-vnet/subnets/web-subnet",
                "name": "web-subnet",
                "private_endpoint_network_policies": "Disabled",
                "private_link_service_network_policies_enabled": true,
                "route_table_id": "",
                "security_group": "",
                "service_endpoint_policy_ids": [],
                "service_endpoints": []
              },
              {
                "address_prefixes": [
                  "10.0.3.0/24"
                ],
                "default_outbound_access_enabled": true,
                "delegation": [],
                "id": "/subscriptions/2bde2ba1-39c9-4093-9a0d-fe665768699b/resourceGroups/Sample_Resource_Group/providers/Microsoft.Network/virtualNetworks/Sample-vnet/subnets/database-subnet",
                "name": "database-subnet",
                "private_endpoint_network_policies": "Disabled",
                "private_link_service_network_policies_enabled": true,
                "route_table_id": "",
                "security_group": "",
                "service_endpoint_policy_ids": [],
                "service_endpoints": []
              }
            ],
            "tags": {},
            "timeouts": null
          },
          "sensitive_attributes": [],
          "identity_schema_version": 0,
          "identity": {
            "name": "Sample-vnet",
            "resource_group_name": "Sample_Resource_Group",
            "subscription_id": "2bde2ba1-39c9-4093-9a0d-fe665768699b"
          },
          "private": "eyJlMmJmYjczMC1lY2FhLTExZTYtOGY4OC0zNDM2M2JjN2M0YzAiOnsiY3JlYXRlIjoxODAwMDAwMDAwMDAwLCJkZWxldGUiOjE4MDAwMDAwMDAwMDAsInJlYWQiOjMwMDAwMDAwMDAwMCwidXBkYXRlIjoxODAwMDAwMDAwMDAwfX0=",
          "dependencies": [
            "azurerm_resource_group.rg"
          ]
        }
      ]
    }
  ],
  "check_results": null
}
